
Microsoft Visual Studio Solution File, Format Version 12.00
# Visual Studio Version 16
VisualStudioVersion = 16.0.29318.209
MinimumVisualStudioVersion = 10.0.40219.1
Project("{E24C65DC-7377-472B-9ABA-BC803B73C61A}") = "Dustbin-Locator", ".", "{A3DA84C1-050A-479A-9D7E-8F26997235EA}"
	ProjectSection(WebsiteProperties) = preProject
		TargetFrameworkMoniker = ".NETFramework,Version%3Dv4.7.2"
		Debug.AspNetCompiler.VirtualPath = "/localhost_60937"
		Debug.AspNetCompiler.PhysicalPath = "..\Dustbin-Locator\"
		Debug.AspNetCompiler.TargetPath = "PrecompiledWeb\localhost_60937\"
		Debug.AspNetCompiler.Updateable = "true"
		Debug.AspNetCompiler.ForceOverwrite = "true"
		Debug.AspNetCompiler.FixedNames = "false"
		Debug.AspNetCompiler.Debug = "True"
		Release.AspNetCompiler.VirtualPath = "/localhost_60937"
		Release.AspNetCompiler.PhysicalPath = "..\Dustbin-Locator\"
		Release.AspNetCompiler.TargetPath = "PrecompiledWeb\localhost_60937\"
		Release.AspNetCompiler.Updateable = "true"
		Release.AspNetCompiler.ForceOverwrite = "true"
		Release.AspNetCompiler.FixedNames = "false"
		Release.AspNetCompiler.Debug = "False"
		VWDPort = "60937"
		DefaultWebSiteLanguage = "Visual C#"
	EndProjectSection
EndProject
Global
	GlobalSection(SolutionConfigurationPlatforms) = preSolution
		Debug|Any CPU = Debug|Any CPU
	EndGlobalSection
	GlobalSection(ProjectConfigurationPlatforms) = postSolution
		{A3DA84C1-050A-479A-9D7E-8F26997235EA}.Debug|Any CPU.ActiveCfg = Debug|Any CPU
		{A3DA84C1-050A-479A-9D7E-8F26997235EA}.Debug|Any CPU.Build.0 = Debug|Any CPU
	EndGlobalSection
	GlobalSection(SolutionProperties) = preSolution
		HideSolutionNode = FALSE
	EndGlobalSection
	GlobalSection(ExtensibilityGlobals) = postSolution
		SolutionGuid = {7205FD16-9467-459F-9031-8023F87EB8F7}
	EndGlobalSection
EndGlobal
